// !$*UTF8*$!
{
	archiveVersion = 1;
	classes = {
	};
	objectVersion = 55;
	objects = {

/* Begin PBXBuildFile section */
		427BD2DEAC5B2667557B0CEC /* Pods_Proyecto.framework in Frameworks */ = {isa = PBXBuildFile; fileRef = 46A73CAA2259AD7E9C42D781 /* Pods_Proyecto.framework */; };
		F53E2C19271CFAE00035F59E /* UsersModel.swift in Sources */ = {isa = PBXBuildFile; fileRef = F53E2C18271CFAE00035F59E /* UsersModel.swift */; };
		F53E2C1B271CFBB20035F59E /* Extensions.swift in Sources */ = {isa = PBXBuildFile; fileRef = F53E2C1A271CFBB20035F59E /* Extensions.swift */; };
		F53E2C1E271D06B00035F59E /* AuthService.swift in Sources */ = {isa = PBXBuildFile; fileRef = F53E2C1D271D06B00035F59E /* AuthService.swift */; };
		F53E2C20271D06D10035F59E /* StorageService.swift in Sources */ = {isa = PBXBuildFile; fileRef = F53E2C1F271D06D10035F59E /* StorageService.swift */; };
		F53F3A9C27196F33005149CA /* GoogleService-Info.plist in Resources */ = {isa = PBXBuildFile; fileRef = F53F3A9B27196F33005149CA /* GoogleService-Info.plist */; };
		F56179C6272290CE00E48899 /* PostCardService.swift in Sources */ = {isa = PBXBuildFile; fileRef = F56179C5272290CE00E48899 /* PostCardService.swift */; };
		F56179C8272297C500E48899 /* PostCardImage.swift in Sources */ = {isa = PBXBuildFile; fileRef = F56179C7272297C500E48899 /* PostCardImage.swift */; };
		F56179CA27229F2400E48899 /* PostCard.swift in Sources */ = {isa = PBXBuildFile; fileRef = F56179C927229F2400E48899 /* PostCard.swift */; };
		F56179CC2722A27700E48899 /* ProfileService.swift in Sources */ = {isa = PBXBuildFile; fileRef = F56179CB2722A27700E48899 /* ProfileService.swift */; };
		F595698227180AA800D55C5D /* Login.swift in Sources */ = {isa = PBXBuildFile; fileRef = F595698127180AA800D55C5D /* Login.swift */; };
		F595698527180D3A00D55C5D /* LoginView.swift in Sources */ = {isa = PBXBuildFile; fileRef = F595698427180D3A00D55C5D /* LoginView.swift */; };
		F595698727180EC500D55C5D /* LoginModifiers.swift in Sources */ = {isa = PBXBuildFile; fileRef = F595698627180EC500D55C5D /* LoginModifiers.swift */; };
		F595698927181A4000D55C5D /* RegisterView.swift in Sources */ = {isa = PBXBuildFile; fileRef = F595698827181A4000D55C5D /* RegisterView.swift */; };
		F595698C27181C6000D55C5D /* ImagePicker.swift in Sources */ = {isa = PBXBuildFile; fileRef = F595698B27181C6000D55C5D /* ImagePicker.swift */; };
		F5A3B3F02721557100785FAF /* Profile.swift in Sources */ = {isa = PBXBuildFile; fileRef = F5A3B3EF2721557100785FAF /* Profile.swift */; };
		F5A3B3F22721559700785FAF /* MainView.swift in Sources */ = {isa = PBXBuildFile; fileRef = F5A3B3F12721559700785FAF /* MainView.swift */; };
		F5A3B3F4272155CF00785FAF /* PostView.swift in Sources */ = {isa = PBXBuildFile; fileRef = F5A3B3F3272155CF00785FAF /* PostView.swift */; };
		F5C1879D27225AB400187DD3 /* PostModel.swift in Sources */ = {isa = PBXBuildFile; fileRef = F5C1879C27225AB400187DD3 /* PostModel.swift */; };
		F5C1879F2722644F00187DD3 /* PostService.swift in Sources */ = {isa = PBXBuildFile; fileRef = F5C1879E2722644F00187DD3 /* PostService.swift */; };
		F5C187A2272284BE00187DD3 /* SDWebImageSwiftUI in Frameworks */ = {isa = PBXBuildFile; productRef = F5C187A1272284BE00187DD3 /* SDWebImageSwiftUI */; };
		F5C187A4272284F400187DD3 /* Profileheader.swift in Sources */ = {isa = PBXBuildFile; fileRef = F5C187A3272284F400187DD3 /* Profileheader.swift */; };
		F5C3747B27200B2F00A72817 /* SessionStore.swift in Sources */ = {isa = PBXBuildFile; fileRef = F5C3747A27200B2F00A72817 /* SessionStore.swift */; };
		F5C3747D2720114300A72817 /* HomeView.swift in Sources */ = {isa = PBXBuildFile; fileRef = F5C3747C2720114300A72817 /* HomeView.swift */; };
		F5D2B0882717E6F000BA5E7E /* ProyectoApp.swift in Sources */ = {isa = PBXBuildFile; fileRef = F5D2B0872717E6F000BA5E7E /* ProyectoApp.swift */; };
		F5D2B08A2717E6F000BA5E7E /* ContentView.swift in Sources */ = {isa = PBXBuildFile; fileRef = F5D2B0892717E6F000BA5E7E /* ContentView.swift */; };
		F5D2B08C2717E6F100BA5E7E /* Assets.xcassets in Resources */ = {isa = PBXBuildFile; fileRef = F5D2B08B2717E6F100BA5E7E /* Assets.xcassets */; };
		F5D2B08F2717E6F100BA5E7E /* Preview Assets.xcassets in Resources */ = {isa = PBXBuildFile; fileRef = F5D2B08E2717E6F100BA5E7E /* Preview Assets.xcassets */; };
/* End PBXBuildFile section */

/* Begin PBXFileReference section */
		46A73CAA2259AD7E9C42D781 /* Pods_Proyecto.framework */ = {isa = PBXFileReference; explicitFileType = wrapper.framework; includeInIndex = 0; path = Pods_Proyecto.framework; sourceTree = BUILT_PRODUCTS_DIR; };
		793EB6121817E6282E54567D /* Pods-Proyecto.debug.xcconfig */ = {isa = PBXFileReference; includeInIndex = 1; lastKnownFileType = text.xcconfig; name = "Pods-Proyecto.debug.xcconfig"; path = "Target Support Files/Pods-Proyecto/Pods-Proyecto.debug.xcconfig"; sourceTree = "<group>"; };
		C919C9E4D599C5675DC9EC87 /* Pods-Proyecto.release.xcconfig */ = {isa = PBXFileReference; includeInIndex = 1; lastKnownFileType = text.xcconfig; name = "Pods-Proyecto.release.xcconfig"; path = "Target Support Files/Pods-Proyecto/Pods-Proyecto.release.xcconfig"; sourceTree = "<group>"; };
		F53E2C18271CFAE00035F59E /* UsersModel.swift */ = {isa = PBXFileReference; lastKnownFileType = sourcecode.swift; path = UsersModel.swift; sourceTree = "<group>"; };
		F53E2C1A271CFBB20035F59E /* Extensions.swift */ = {isa = PBXFileReference; lastKnownFileType = sourcecode.swift; path = Extensions.swift; sourceTree = "<group>"; };
		F53E2C1D271D06B00035F59E /* AuthService.swift */ = {isa = PBXFileReference; lastKnownFileType = sourcecode.swift; path = AuthService.swift; sourceTree = "<group>"; };
		F53E2C1F271D06D10035F59E /* StorageService.swift */ = {isa = PBXFileReference; lastKnownFileType = sourcecode.swift; path = StorageService.swift; sourceTree = "<group>"; };
		F53F3A9B27196F33005149CA /* GoogleService-Info.plist */ = {isa = PBXFileReference; fileEncoding = 4; lastKnownFileType = text.plist.xml; path = "GoogleService-Info.plist"; sourceTree = "<group>"; };
		F56179C5272290CE00E48899 /* PostCardService.swift */ = {isa = PBXFileReference; lastKnownFileType = sourcecode.swift; path = PostCardService.swift; sourceTree = "<group>"; };
		F56179C7272297C500E48899 /* PostCardImage.swift */ = {isa = PBXFileReference; lastKnownFileType = sourcecode.swift; path = PostCardImage.swift; sourceTree = "<group>"; };
		F56179C927229F2400E48899 /* PostCard.swift */ = {isa = PBXFileReference; lastKnownFileType = sourcecode.swift; path = PostCard.swift; sourceTree = "<group>"; };
		F56179CB2722A27700E48899 /* ProfileService.swift */ = {isa = PBXFileReference; lastKnownFileType = sourcecode.swift; path = ProfileService.swift; sourceTree = "<group>"; };
		F595698127180AA800D55C5D /* Login.swift */ = {isa = PBXFileReference; lastKnownFileType = sourcecode.swift; path = Login.swift; sourceTree = "<group>"; };
		F595698427180D3A00D55C5D /* LoginView.swift */ = {isa = PBXFileReference; lastKnownFileType = sourcecode.swift; path = LoginView.swift; sourceTree = "<group>"; };
		F595698627180EC500D55C5D /* LoginModifiers.swift */ = {isa = PBXFileReference; lastKnownFileType = sourcecode.swift; path = LoginModifiers.swift; sourceTree = "<group>"; };
		F595698827181A4000D55C5D /* RegisterView.swift */ = {isa = PBXFileReference; lastKnownFileType = sourcecode.swift; path = RegisterView.swift; sourceTree = "<group>"; };
		F595698B27181C6000D55C5D /* ImagePicker.swift */ = {isa = PBXFileReference; lastKnownFileType = sourcecode.swift; path = ImagePicker.swift; sourceTree = "<group>"; };
		F5A3B3EF2721557100785FAF /* Profile.swift */ = {isa = PBXFileReference; lastKnownFileType = sourcecode.swift; path = Profile.swift; sourceTree = "<group>"; };
		F5A3B3F12721559700785FAF /* MainView.swift */ = {isa = PBXFileReference; lastKnownFileType = sourcecode.swift; path = MainView.swift; sourceTree = "<group>"; };
		F5A3B3F3272155CF00785FAF /* PostView.swift */ = {isa = PBXFileReference; lastKnownFileType = sourcecode.swift; path = PostView.swift; sourceTree = "<group>"; };
		F5C1879C27225AB400187DD3 /* PostModel.swift */ = {isa = PBXFileReference; lastKnownFileType = sourcecode.swift; path = PostModel.swift; sourceTree = "<group>"; };
		F5C1879E2722644F00187DD3 /* PostService.swift */ = {isa = PBXFileReference; lastKnownFileType = sourcecode.swift; path = PostService.swift; sourceTree = "<group>"; };
		F5C187A3272284F400187DD3 /* Profileheader.swift */ = {isa = PBXFileReference; lastKnownFileType = sourcecode.swift; path = Profileheader.swift; sourceTree = "<group>"; };
		F5C3747A27200B2F00A72817 /* SessionStore.swift */ = {isa = PBXFileReference; lastKnownFileType = sourcecode.swift; path = SessionStore.swift; sourceTree = "<group>"; };
		F5C3747C2720114300A72817 /* HomeView.swift */ = {isa = PBXFileReference; lastKnownFileType = sourcecode.swift; path = HomeView.swift; sourceTree = "<group>"; };
		F5D2B0842717E6F000BA5E7E /* Proyecto.app */ = {isa = PBXFileReference; explicitFileType = wrapper.application; includeInIndex = 0; path = Proyecto.app; sourceTree = BUILT_PRODUCTS_DIR; };
		F5D2B0872717E6F000BA5E7E /* ProyectoApp.swift */ = {isa = PBXFileReference; lastKnownFileType = sourcecode.swift; path = ProyectoApp.swift; sourceTree = "<group>"; };
		F5D2B0892717E6F000BA5E7E /* ContentView.swift */ = {isa = PBXFileReference; lastKnownFileType = sourcecode.swift; path = ContentView.swift; sourceTree = "<group>"; };
		F5D2B08B2717E6F100BA5E7E /* Assets.xcassets */ = {isa = PBXFileReference; lastKnownFileType = folder.assetcatalog; path = Assets.xcassets; sourceTree = "<group>"; };
		F5D2B08E2717E6F100BA5E7E /* Preview Assets.xcassets */ = {isa = PBXFileReference; lastKnownFileType = folder.assetcatalog; path = "Preview Assets.xcassets"; sourceTree = "<group>"; };
/* End PBXFileReference section */

/* Begin PBXFrameworksBuildPhase section */
		F5D2B0812717E6F000BA5E7E /* Frameworks */ = {
			isa = PBXFrameworksBuildPhase;
			buildActionMask = 2147483647;
			files = (
				F5C187A2272284BE00187DD3 /* SDWebImageSwiftUI in Frameworks */,
				427BD2DEAC5B2667557B0CEC /* Pods_Proyecto.framework in Frameworks */,
			);
			runOnlyForDeploymentPostprocessing = 0;
		};
/* End PBXFrameworksBuildPhase section */

/* Begin PBXGroup section */
		8A3C0D43197C0F304D6E913B /* Frameworks */ = {
			isa = PBXGroup;
			children = (
				46A73CAA2259AD7E9C42D781 /* Pods_Proyecto.framework */,
			);
			name = Frameworks;
			sourceTree = "<group>";
		};
		DC531398BD8B08D50B8D7ECE /* Pods */ = {
			isa = PBXGroup;
			children = (
				793EB6121817E6282E54567D /* Pods-Proyecto.debug.xcconfig */,
				C919C9E4D599C5675DC9EC87 /* Pods-Proyecto.release.xcconfig */,
			);
			path = Pods;
			sourceTree = "<group>";
		};
		F53E2C17271CFABE0035F59E /* Models */ = {
			isa = PBXGroup;
			children = (
				F53E2C18271CFAE00035F59E /* UsersModel.swift */,
				F5C1879C27225AB400187DD3 /* PostModel.swift */,
			);
			path = Models;
			sourceTree = "<group>";
		};
		F53E2C1C271D06960035F59E /* Services */ = {
			isa = PBXGroup;
			children = (
				F53E2C1D271D06B00035F59E /* AuthService.swift */,
				F53E2C1F271D06D10035F59E /* StorageService.swift */,
				F5C3747A27200B2F00A72817 /* SessionStore.swift */,
				F5C1879E2722644F00187DD3 /* PostService.swift */,
				F56179C5272290CE00E48899 /* PostCardService.swift */,
				F56179CB2722A27700E48899 /* ProfileService.swift */,
			);
			path = Services;
			sourceTree = "<group>";
		};
		F595697E27180A3100D55C5D /* Component */ = {
			isa = PBXGroup;
			children = (
				F595698127180AA800D55C5D /* Login.swift */,
				F595698627180EC500D55C5D /* LoginModifiers.swift */,
				F5C187A3272284F400187DD3 /* Profileheader.swift */,
				F56179C7272297C500E48899 /* PostCardImage.swift */,
				F56179C927229F2400E48899 /* PostCard.swift */,
			);
			path = Component;
			sourceTree = "<group>";
		};
		F595698327180CE900D55C5D /* Views */ = {
			isa = PBXGroup;
			children = (
				F595698427180D3A00D55C5D /* LoginView.swift */,
				F595698827181A4000D55C5D /* RegisterView.swift */,
				F5C3747C2720114300A72817 /* HomeView.swift */,
				F5A3B3EF2721557100785FAF /* Profile.swift */,
				F5A3B3F12721559700785FAF /* MainView.swift */,
				F5A3B3F3272155CF00785FAF /* PostView.swift */,
			);
			path = Views;
			sourceTree = "<group>";
		};
		F595698A27181C4400D55C5D /* Utilities */ = {
			isa = PBXGroup;
			children = (
				F595698B27181C6000D55C5D /* ImagePicker.swift */,
				F53E2C1A271CFBB20035F59E /* Extensions.swift */,
			);
			path = Utilities;
			sourceTree = "<group>";
		};
		F5D2B07B2717E6F000BA5E7E = {
			isa = PBXGroup;
			children = (
				F53F3A9B27196F33005149CA /* GoogleService-Info.plist */,
				F5D2B0862717E6F000BA5E7E /* Proyecto */,
				F5D2B0852717E6F000BA5E7E /* Products */,
				DC531398BD8B08D50B8D7ECE /* Pods */,
				8A3C0D43197C0F304D6E913B /* Frameworks */,
			);
			sourceTree = "<group>";
		};
		F5D2B0852717E6F000BA5E7E /* Products */ = {
			isa = PBXGroup;
			children = (
				F5D2B0842717E6F000BA5E7E /* Proyecto.app */,
			);
			name = Products;
			sourceTree = "<group>";
		};
		F5D2B0862717E6F000BA5E7E /* Proyecto */ = {
			isa = PBXGroup;
			children = (
				F53E2C1C271D06960035F59E /* Services */,
				F53E2C17271CFABE0035F59E /* Models */,
				F595698A27181C4400D55C5D /* Utilities */,
				F595698327180CE900D55C5D /* Views */,
				F595697E27180A3100D55C5D /* Component */,
				F5D2B0872717E6F000BA5E7E /* ProyectoApp.swift */,
				F5D2B0892717E6F000BA5E7E /* ContentView.swift */,
				F5D2B08B2717E6F100BA5E7E /* Assets.xcassets */,
				F5D2B08D2717E6F100BA5E7E /* Preview Content */,
			);
			path = Proyecto;
			sourceTree = "<group>";
		};
		F5D2B08D2717E6F100BA5E7E /* Preview Content */ = {
			isa = PBXGroup;
			children = (
				F5D2B08E2717E6F100BA5E7E /* Preview Assets.xcassets */,
			);
			path = "Preview Content";
			sourceTree = "<group>";
		};
/* End PBXGroup section */

/* Begin PBXNativeTarget section */
		F5D2B0832717E6F000BA5E7E /* Proyecto */ = {
			isa = PBXNativeTarget;
			buildConfigurationList = F5D2B0922717E6F100BA5E7E /* Build configuration list for PBXNativeTarget "Proyecto" */;
			buildPhases = (
				F10D51FA8F5CA6D1F8753B06 /* [CP] Check Pods Manifest.lock */,
				F5D2B0802717E6F000BA5E7E /* Sources */,
				F5D2B0812717E6F000BA5E7E /* Frameworks */,
				F5D2B0822717E6F000BA5E7E /* Resources */,
				83C06222BC377D833C600AD8 /* [CP] Embed Pods Frameworks */,
			);
			buildRules = (
			);
			dependencies = (
			);
			name = Proyecto;
			packageProductDependencies = (
				F5C187A1272284BE00187DD3 /* SDWebImageSwiftUI */,
			);
			productName = Proyecto;
			productReference = F5D2B0842717E6F000BA5E7E /* Proyecto.app */;
			productType = "com.apple.product-type.application";
		};
/* End PBXNativeTarget section */

/* Begin PBXProject section */
		F5D2B07C2717E6F000BA5E7E /* Project object */ = {
			isa = PBXProject;
			attributes = {
				BuildIndependentTargetsInParallel = 1;
				LastSwiftUpdateCheck = 1300;
				LastUpgradeCheck = 1300;
				TargetAttributes = {
					F5D2B0832717E6F000BA5E7E = {
						CreatedOnToolsVersion = 13.0;
					};
				};
			};
			buildConfigurationList = F5D2B07F2717E6F000BA5E7E /* Build configuration list for PBXProject "Proyecto" */;
			compatibilityVersion = "Xcode 13.0";
			developmentRegion = en;
			hasScannedForEncodings = 0;
			knownRegions = (
				en,
				Base,
			);
			mainGroup = F5D2B07B2717E6F000BA5E7E;
			packageReferences = (
				F5C187A0272284BE00187DD3 /* XCRemoteSwiftPackageReference "SDWebImageSwiftUI" */,
			);
			productRefGroup = F5D2B0852717E6F000BA5E7E /* Products */;
			projectDirPath = "";
			projectRoot = "";
			targets = (
				F5D2B0832717E6F000BA5E7E /* Proyecto */,
			);
		};
/* End PBXProject section */

/* Begin PBXResourcesBuildPhase section */
		F5D2B0822717E6F000BA5E7E /* Resources */ = {
			isa = PBXResourcesBuildPhase;
			buildActionMask = 2147483647;
			files = (
				F5D2B08F2717E6F100BA5E7E /* Preview Assets.xcassets in Resources */,
				F5D2B08C2717E6F100BA5E7E /* Assets.xcassets in Resources */,
				F53F3A9C27196F33005149CA /* GoogleService-Info.plist in Resources */,
			);
			runOnlyForDeploymentPostprocessing = 0;
		};
/* End PBXResourcesBuildPhase section */

/* Begin PBXShellScriptBuildPhase section */
		83C06222BC377D833C600AD8 /* [CP] Embed Pods Frameworks */ = {
			isa = PBXShellScriptBuildPhase;
			buildActionMask = 2147483647;
			files = (
			);
			inputFileListPaths = (
				"${PODS_ROOT}/Target Support Files/Pods-Proyecto/Pods-Proyecto-frameworks-${CONFIGURATION}-input-files.xcfilelist",
			);
			name = "[CP] Embed Pods Frameworks";
			outputFileListPaths = (
				"${PODS_ROOT}/Target Support Files/Pods-Proyecto/Pods-Proyecto-frameworks-${CONFIGURATION}-output-files.xcfilelist",
			);
			runOnlyForDeploymentPostprocessing = 0;
			shellPath = /bin/sh;
			shellScript = "\"${PODS_ROOT}/Target Support Files/Pods-Proyecto/Pods-Proyecto-frameworks.sh\"\n";
			showEnvVarsInLog = 0;
		};
		F10D51FA8F5CA6D1F8753B06 /* [CP] Check Pods Manifest.lock */ = {
			isa = PBXShellScriptBuildPhase;
			buildActionMask = 2147483647;
			files = (
			);
			inputFileListPaths = (
			);
			inputPaths = (
				"${PODS_PODFILE_DIR_PATH}/Podfile.lock",
				"${PODS_ROOT}/Manifest.lock",
			);
			name = "[CP] Check Pods Manifest.lock";
			outputFileListPaths = (
			);
			outputPaths = (
				"$(DERIVED_FILE_DIR)/Pods-Proyecto-checkManifestLockResult.txt",
			);
			runOnlyForDeploymentPostprocessing = 0;
			shellPath = /bin/sh;
			shellScript = "diff \"${PODS_PODFILE_DIR_PATH}/Podfile.lock\" \"${PODS_ROOT}/Manifest.lock\" > /dev/null\nif [ $? != 0 ] ; then\n    # print error to STDERR\n    echo \"error: The sandbox is not in sync with the Podfile.lock. Run 'pod install' or update your CocoaPods installation.\" >&2\n    exit 1\nfi\n# This output is used by Xcode 'outputs' to avoid re-running this script phase.\necho \"SUCCESS\" > \"${SCRIPT_OUTPUT_FILE_0}\"\n";
			showEnvVarsInLog = 0;
		};
/* End PBXShellScriptBuildPhase section */

/* Begin PBXSourcesBuildPhase section */
		F5D2B0802717E6F000BA5E7E /* Sources */ = {
			isa = PBXSourcesBuildPhase;
			buildActionMask = 2147483647;
			files = (
				F595698227180AA800D55C5D /* Login.swift in Sources */,
				F53E2C1B271CFBB20035F59E /* Extensions.swift in Sources */,
				F5C3747D2720114300A72817 /* HomeView.swift in Sources */,
				F5A3B3F02721557100785FAF /* Profile.swift in Sources */,
				F5C1879D27225AB400187DD3 /* PostModel.swift in Sources */,
				F5C3747B27200B2F00A72817 /* SessionStore.swift in Sources */,
				F595698727180EC500D55C5D /* LoginModifiers.swift in Sources */,
				F5C1879F2722644F00187DD3 /* PostService.swift in Sources */,
				F56179CC2722A27700E48899 /* ProfileService.swift in Sources */,
				F5D2B08A2717E6F000BA5E7E /* ContentView.swift in Sources */,
				F595698C27181C6000D55C5D /* ImagePicker.swift in Sources */,
				F595698927181A4000D55C5D /* RegisterView.swift in Sources */,
				F595698527180D3A00D55C5D /* LoginView.swift in Sources */,
				F5A3B3F4272155CF00785FAF /* PostView.swift in Sources */,
				F56179C6272290CE00E48899 /* PostCardService.swift in Sources */,
				F53E2C1E271D06B00035F59E /* AuthService.swift in Sources */,
				F56179CA27229F2400E48899 /* PostCard.swift in Sources */,
				F53E2C19271CFAE00035F59E /* UsersModel.swift in Sources */,
				F5C187A4272284F400187DD3 /* Profileheader.swift in Sources */,
				F53E2C20271D06D10035F59E /* StorageService.swift in Sources */,
				F5A3B3F22721559700785FAF /* MainView.swift in Sources */,
				F5D2B0882717E6F000BA5E7E /* ProyectoApp.swift in Sources */,
				F56179C8272297C500E48899 /* PostCardImage.swift in Sources */,
			);
			runOnlyForDeploymentPostprocessing = 0;
		};
/* End PBXSourcesBuildPhase section */

/* Begin XCBuildConfiguration section */
		F5D2B0902717E6F100BA5E7E /* Debug */ = {
			isa = XCBuildConfiguration;
			buildSettings = {
				ALWAYS_SEARCH_USER_PATHS = NO;
				CLANG_ANALYZER_NONNULL = YES;
				CLANG_ANALYZER_NUMBER_OBJECT_CONVERSION = YES_AGGRESSIVE;
				CLANG_CXX_LANGUAGE_STANDARD = "gnu++17";
				CLANG_CXX_LIBRARY = "libc++";
				CLANG_ENABLE_MODULES = YES;
				CLANG_ENABLE_OBJC_ARC = YES;
				CLANG_ENABLE_OBJC_WEAK = YES;
				CLANG_WARN_BLOCK_CAPTURE_AUTORELEASING = YES;
				CLANG_WARN_BOOL_CONVERSION = YES;
				CLANG_WARN_COMMA = YES;
				CLANG_WARN_CONSTANT_CONVERSION = YES;
				CLANG_WARN_DEPRECATED_OBJC_IMPLEMENTATIONS = YES;
				CLANG_WARN_DIRECT_OBJC_ISA_USAGE = YES_ERROR;
				CLANG_WARN_DOCUMENTATION_COMMENTS = YES;
				CLANG_WARN_EMPTY_BODY = YES;
				CLANG_WARN_ENUM_CONVERSION = YES;
				CLANG_WARN_INFINITE_RECURSION = YES;
				CLANG_WARN_INT_CONVERSION = YES;
				CLANG_WARN_NON_LITERAL_NULL_CONVERSION = YES;
				CLANG_WARN_OBJC_IMPLICIT_RETAIN_SELF = YES;
				CLANG_WARN_OBJC_LITERAL_CONVERSION = YES;
				CLANG_WARN_OBJC_ROOT_CLASS = YES_ERROR;
				CLANG_WARN_QUOTED_INCLUDE_IN_FRAMEWORK_HEADER = YES;
				CLANG_WARN_RANGE_LOOP_ANALYSIS = YES;
				CLANG_WARN_STRICT_PROTOTYPES = YES;
				CLANG_WARN_SUSPICIOUS_MOVE = YES;
				CLANG_WARN_UNGUARDED_AVAILABILITY = YES_AGGRESSIVE;
				CLANG_WARN_UNREACHABLE_CODE = YES;
				CLANG_WARN__DUPLICATE_METHOD_MATCH = YES;
				COPY_PHASE_STRIP = NO;
				DEBUG_INFORMATION_FORMAT = dwarf;
				ENABLE_STRICT_OBJC_MSGSEND = YES;
				ENABLE_TESTABILITY = YES;
				GCC_C_LANGUAGE_STANDARD = gnu11;
				GCC_DYNAMIC_NO_PIC = NO;
				GCC_NO_COMMON_BLOCKS = YES;
				GCC_OPTIMIZATION_LEVEL = 0;
				GCC_PREPROCESSOR_DEFINITIONS = (
					"DEBUG=1",
					"$(inherited)",
				);
				GCC_WARN_64_TO_32_BIT_CONVERSION = YES;
				GCC_WARN_ABOUT_RETURN_TYPE = YES_ERROR;
				GCC_WARN_UNDECLARED_SELECTOR = YES;
				GCC_WARN_UNINITIALIZED_AUTOS = YES_AGGRESSIVE;
				GCC_WARN_UNUSED_FUNCTION = YES;
				GCC_WARN_UNUSED_VARIABLE = YES;
				IPHONEOS_DEPLOYMENT_TARGET = 15.0;
				MTL_ENABLE_DEBUG_INFO = INCLUDE_SOURCE;
				MTL_FAST_MATH = YES;
				ONLY_ACTIVE_ARCH = YES;
				SDKROOT = iphoneos;
				SWIFT_ACTIVE_COMPILATION_CONDITIONS = DEBUG;
				SWIFT_OPTIMIZATION_LEVEL = "-Onone";
			};
			name = Debug;
		};
		F5D2B0912717E6F100BA5E7E /* Release */ = {
			isa = XCBuildConfiguration;
			buildSettings = {
				ALWAYS_SEARCH_USER_PATHS = NO;
				CLANG_ANALYZER_NONNULL = YES;
				CLANG_ANALYZER_NUMBER_OBJECT_CONVERSION = YES_AGGRESSIVE;
				CLANG_CXX_LANGUAGE_STANDARD = "gnu++17";
				CLANG_CXX_LIBRARY = "libc++";
				CLANG_ENABLE_MODULES = YES;
				CLANG_ENABLE_OBJC_ARC = YES;
				CLANG_ENABLE_OBJC_WEAK = YES;
				CLANG_WARN_BLOCK_CAPTURE_AUTORELEASING = YES;
				CLANG_WARN_BOOL_CONVERSION = YES;
				CLANG_WARN_COMMA = YES;
				CLANG_WARN_CONSTANT_CONVERSION = YES;
				CLANG_WARN_DEPRECATED_OBJC_IMPLEMENTATIONS = YES;
				CLANG_WARN_DIRECT_OBJC_ISA_USAGE = YES_ERROR;
				CLANG_WARN_DOCUMENTATION_COMMENTS = YES;
				CLANG_WARN_EMPTY_BODY = YES;
				CLANG_WARN_ENUM_CONVERSION = YES;
				CLANG_WARN_INFINITE_RECURSION = YES;
				CLANG_WARN_INT_CONVERSION = YES;
				CLANG_WARN_NON_LITERAL_NULL_CONVERSION = YES;
				CLANG_WARN_OBJC_IMPLICIT_RETAIN_SELF = YES;
				CLANG_WARN_OBJC_LITERAL_CONVERSION = YES;
				CLANG_WARN_OBJC_ROOT_CLASS = YES_ERROR;
				CLANG_WARN_QUOTED_INCLUDE_IN_FRAMEWORK_HEADER = YES;
				CLANG_WARN_RANGE_LOOP_ANALYSIS = YES;
				CLANG_WARN_STRICT_PROTOTYPES = YES;
				CLANG_WARN_SUSPICIOUS_MOVE = YES;
				CLANG_WARN_UNGUARDED_AVAILABILITY = YES_AGGRESSIVE;
				CLANG_WARN_UNREACHABLE_CODE = YES;
				CLANG_WARN__DUPLICATE_METHOD_MATCH = YES;
				COPY_PHASE_STRIP = NO;
				DEBUG_INFORMATION_FORMAT = "dwarf-with-dsym";
				ENABLE_NS_ASSERTIONS = NO;
				ENABLE_STRICT_OBJC_MSGSEND = YES;
				GCC_C_LANGUAGE_STANDARD = gnu11;
				GCC_NO_COMMON_BLOCKS = YES;
				GCC_WARN_64_TO_32_BIT_CONVERSION = YES;
				GCC_WARN_ABOUT_RETURN_TYPE = YES_ERROR;
				GCC_WARN_UNDECLARED_SELECTOR = YES;
				GCC_WARN_UNINITIALIZED_AUTOS = YES_AGGRESSIVE;
				GCC_WARN_UNUSED_FUNCTION = YES;
				GCC_WARN_UNUSED_VARIABLE = YES;
				IPHONEOS_DEPLOYMENT_TARGET = 15.0;
				MTL_ENABLE_DEBUG_INFO = NO;
				MTL_FAST_MATH = YES;
				SDKROOT = iphoneos;
				SWIFT_COMPILATION_MODE = wholemodule;
				SWIFT_OPTIMIZATION_LEVEL = "-O";
				VALIDATE_PRODUCT = YES;
			};
			name = Release;
		};
		F5D2B0932717E6F100BA5E7E /* Debug */ = {
			isa = XCBuildConfiguration;
			baseConfigurationReference = 793EB6121817E6282E54567D /* Pods-Proyecto.debug.xcconfig */;
			buildSettings = {
				ASSETCATALOG_COMPILER_APPICON_NAME = AppIcon;
				ASSETCATALOG_COMPILER_GLOBAL_ACCENT_COLOR_NAME = AccentColor;
				CODE_SIGN_STYLE = Automatic;
				CURRENT_PROJECT_VERSION = 1;
				DEVELOPMENT_ASSET_PATHS = "\"Proyecto/Preview Content\"";
				ENABLE_PREVIEWS = YES;
				GENERATE_INFOPLIST_FILE = YES;
				INFOPLIST_KEY_UIApplicationSceneManifest_Generation = YES;
				INFOPLIST_KEY_UIApplicationSupportsIndirectInputEvents = YES;
				INFOPLIST_KEY_UILaunchScreen_Generation = YES;
				INFOPLIST_KEY_UISupportedInterfaceOrientations_iPad = "UIInterfaceOrientationPortrait UIInterfaceOrientationPortraitUpsideDown UIInterfaceOrientationLandscapeLeft UIInterfaceOrientationLandscapeRight";
				INFOPLIST_KEY_UISupportedInterfaceOrientations_iPhone = "UIInterfaceOrientationPortrait UIInterfaceOrientationLandscapeLeft UIInterfaceOrientationLandscapeRight";
				IPHONEOS_DEPLOYMENT_TARGET = 14.0;
				LD_RUNPATH_SEARCH_PATHS = (
					"$(inherited)",
					"@executable_path/Frameworks",
				);
				MARKETING_VERSION = 1.0;
				PRODUCT_BUNDLE_IDENTIFIER = com.mov02.12.Proyecto;
				PRODUCT_NAME = "$(TARGET_NAME)";
				SWIFT_EMIT_LOC_STRINGS = YES;
				SWIFT_VERSION = 5.0;
				TARGETED_DEVICE_FAMILY = "1,2";
			};
			name = Debug;
		};
		F5D2B0942717E6F100BA5E7E /* Release */ = {
			isa = XCBuildConfiguration;
			baseConfigurationReference = C919C9E4D599C5675DC9EC87 /* Pods-Proyecto.release.xcconfig */;
			buildSettings = {
				ASSETCATALOG_COMPILER_APPICON_NAME = AppIcon;
				ASSETCATALOG_COMPILER_GLOBAL_ACCENT_COLOR_NAME = AccentColor;
				CODE_SIGN_STYLE = Automatic;
				CURRENT_PROJECT_VERSION = 1;
				DEVELOPMENT_ASSET_PATHS = "\"Proyecto/Preview Content\"";
				ENABLE_PREVIEWS = YES;
				GENERATE_INFOPLIST_FILE = YES;
				INFOPLIST_KEY_UIApplicationSceneManifest_Generation = YES;
				INFOPLIST_KEY_UIApplicationSupportsIndirectInputEvents = YES;
				INFOPLIST_KEY_UILaunchScreen_Generation = YES;
				INFOPLIST_KEY_UISupportedInterfaceOrientations_iPad = "UIInterfaceOrientationPortrait UIInterfaceOrientationPortraitUpsideDown UIInterfaceOrientationLandscapeLeft UIInterfaceOrientationLandscapeRight";
				INFOPLIST_KEY_UISupportedInterfaceOrientations_iPhone = "UIInterfaceOrientationPortrait UIInterfaceOrientationLandscapeLeft UIInterfaceOrientationLandscapeRight";
				IPHONEOS_DEPLOYMENT_TARGET = 14.0;
				LD_RUNPATH_SEARCH_PATHS = (
					"$(inherited)",
					"@executable_path/Frameworks",
				);
				MARKETING_VERSION = 1.0;
				PRODUCT_BUNDLE_IDENTIFIER = com.mov02.12.Proyecto;
				PRODUCT_NAME = "$(TARGET_NAME)";
				SWIFT_EMIT_LOC_STRINGS = YES;
				SWIFT_VERSION = 5.0;
				TARGETED_DEVICE_FAMILY = "1,2";
			};
			name = Release;
		};
/* End XCBuildConfiguration section */

/* Begin XCConfigurationList section */
		F5D2B07F2717E6F000BA5E7E /* Build configuration list for PBXProject "Proyecto" */ = {
			isa = XCConfigurationList;
			buildConfigurations = (
				F5D2B0902717E6F100BA5E7E /* Debug */,
				F5D2B0912717E6F100BA5E7E /* Release */,
			);
			defaultConfigurationIsVisible = 0;
			defaultConfigurationName = Release;
		};
		F5D2B0922717E6F100BA5E7E /* Build configuration list for PBXNativeTarget "Proyecto" */ = {
			isa = XCConfigurationList;
			buildConfigurations = (
				F5D2B0932717E6F100BA5E7E /* Debug */,
				F5D2B0942717E6F100BA5E7E /* Release */,
			);
			defaultConfigurationIsVisible = 0;
			defaultConfigurationName = Release;
		};
/* End XCConfigurationList section */

/* Begin XCRemoteSwiftPackageReference section */
		F5C187A0272284BE00187DD3 /* XCRemoteSwiftPackageReference "SDWebImageSwiftUI" */ = {
			isa = XCRemoteSwiftPackageReference;
			repositoryURL = "https://github.com/SDWebImage/SDWebImageSwiftUI.git";
			requirement = {
				kind = upToNextMajorVersion;
				minimumVersion = 2.0.0;
			};
		};
/* End XCRemoteSwiftPackageReference section */

/* Begin XCSwiftPackageProductDependency section */
		F5C187A1272284BE00187DD3 /* SDWebImageSwiftUI */ = {
			isa = XCSwiftPackageProductDependency;
			package = F5C187A0272284BE00187DD3 /* XCRemoteSwiftPackageReference "SDWebImageSwiftUI" */;
			productName = SDWebImageSwiftUI;
		};
/* End XCSwiftPackageProductDependency section */
	};
	rootObject = F5D2B07C2717E6F000BA5E7E /* Project object */;
}
